// !$*UTF8*$!
{
	archiveVersion = 1;
	classes = {
	};
	objectVersion = 56;
	objects = {

/* Begin PBXBuildFile section */
		968343A82BC5A7D700CDB004 /* AppDelegate.swift in Sources */ = {isa = PBXBuildFile; fileRef = 968343A72BC5A7D700CDB004 /* AppDelegate.swift */; };
		968343AA2BC5A7D700CDB004 /* SceneDelegate.swift in Sources */ = {isa = PBXBuildFile; fileRef = 968343A92BC5A7D700CDB004 /* SceneDelegate.swift */; };
		968343AC2BC5A7D700CDB004 /* ViewController.swift in Sources */ = {isa = PBXBuildFile; fileRef = 968343AB2BC5A7D700CDB004 /* ViewController.swift */; };
		968343AF2BC5A7D700CDB004 /* Main.storyboard in Resources */ = {isa = PBXBuildFile; fileRef = 968343AD2BC5A7D700CDB004 /* Main.storyboard */; };
		968343B12BC5A7D900CDB004 /* Assets.xcassets in Resources */ = {isa = PBXBuildFile; fileRef = 968343B02BC5A7D900CDB004 /* Assets.xcassets */; };
		968343B42BC5A7D900CDB004 /* LaunchScreen.storyboard in Resources */ = {isa = PBXBuildFile; fileRef = 968343B22BC5A7D900CDB004 /* LaunchScreen.storyboard */; };
		968343BF2BC5A7D900CDB004 /* BookreaderTests.swift in Sources */ = {isa = PBXBuildFile; fileRef = 968343BE2BC5A7D900CDB004 /* BookreaderTests.swift */; };
		968343C92BC5A7D900CDB004 /* BookreaderUITests.swift in Sources */ = {isa = PBXBuildFile; fileRef = 968343C82BC5A7D900CDB004 /* BookreaderUITests.swift */; };
		968343CB2BC5A7D900CDB004 /* BookreaderUITestsLaunchTests.swift in Sources */ = {isa = PBXBuildFile; fileRef = 968343CA2BC5A7D900CDB004 /* BookreaderUITestsLaunchTests.swift */; };
/* End PBXBuildFile section */

/* Begin PBXContainerItemProxy section */
		968343BB2BC5A7D900CDB004 /* PBXContainerItemProxy */ = {
			isa = PBXContainerItemProxy;
			containerPortal = 9683439C2BC5A7D700CDB004 /* Project object */;
			proxyType = 1;
			remoteGlobalIDString = 968343A32BC5A7D700CDB004;
			remoteInfo = Bookreader;
		};
		968343C52BC5A7D900CDB004 /* PBXContainerItemProxy */ = {
			isa = PBXContainerItemProxy;
			containerPortal = 9683439C2BC5A7D700CDB004 /* Project object */;
			proxyType = 1;
			remoteGlobalIDString = 968343A32BC5A7D700CDB004;
			remoteInfo = Bookreader;
		};
/* End PBXContainerItemProxy section */

/* Begin PBXFileReference section */
		968343A42BC5A7D700CDB004 /* Bookreader.app */ = {isa = PBXFileReference; explicitFileType = wrapper.application; includeInIndex = 0; path = Bookreader.app; sourceTree = BUILT_PRODUCTS_DIR; };
		968343A72BC5A7D700CDB004 /* AppDelegate.swift */ = {isa = PBXFileReference; lastKnownFileType = sourcecode.swift; path = AppDelegate.swift; sourceTree = "<group>"; };
		968343A92BC5A7D700CDB004 /* SceneDelegate.swift */ = {isa = PBXFileReference; lastKnownFileType = sourcecode.swift; path = SceneDelegate.swift; sourceTree = "<group>"; };
		968343AB2BC5A7D700CDB004 /* ViewController.swift */ = {isa = PBXFileReference; lastKnownFileType = sourcecode.swift; path = ViewController.swift; sourceTree = "<group>"; };
		968343AE2BC5A7D700CDB004 /* Base */ = {isa = PBXFileReference; lastKnownFileType = file.storyboard; name = Base; path = Base.lproj/Main.storyboard; sourceTree = "<group>"; };
		968343B02BC5A7D900CDB004 /* Assets.xcassets */ = {isa = PBXFileReference; lastKnownFileType = folder.assetcatalog; path = Assets.xcassets; sourceTree = "<group>"; };
		968343B32BC5A7D900CDB004 /* Base */ = {isa = PBXFileReference; lastKnownFileType = file.storyboard; name = Base; path = Base.lproj/LaunchScreen.storyboard; sourceTree = "<group>"; };
		968343B52BC5A7D900CDB004 /* Info.plist */ = {isa = PBXFileReference; lastKnownFileType = text.plist.xml; path = Info.plist; sourceTree = "<group>"; };
		968343BA2BC5A7D900CDB004 /* BookreaderTests.xctest */ = {isa = PBXFileReference; explicitFileType = wrapper.cfbundle; includeInIndex = 0; path = BookreaderTests.xctest; sourceTree = BUILT_PRODUCTS_DIR; };
		968343BE2BC5A7D900CDB004 /* BookreaderTests.swift */ = {isa = PBXFileReference; lastKnownFileType = sourcecode.swift; path = BookreaderTests.swift; sourceTree = "<group>"; };
		968343C42BC5A7D900CDB004 /* BookreaderUITests.xctest */ = {isa = PBXFileReference; explicitFileType = wrapper.cfbundle; includeInIndex = 0; path = BookreaderUITests.xctest; sourceTree = BUILT_PRODUCTS_DIR; };
		968343C82BC5A7D900CDB004 /* BookreaderUITests.swift */ = {isa = PBXFileReference; lastKnownFileType = sourcecode.swift; path = BookreaderUITests.swift; sourceTree = "<group>"; };
		968343CA2BC5A7D900CDB004 /* BookreaderUITestsLaunchTests.swift */ = {isa = PBXFileReference; lastKnownFileType = sourcecode.swift; path = BookreaderUITestsLaunchTests.swift; sourceTree = "<group>"; };
/* End PBXFileReference section */

/* Begin PBXFrameworksBuildPhase section */
		968343A12BC5A7D700CDB004 /* Frameworks */ = {
			isa = PBXFrameworksBuildPhase;
			buildActionMask = 2147483647;
			files = (
			);
			runOnlyForDeploymentPostprocessing = 0;
		};
		968343B72BC5A7D900CDB004 /* Frameworks */ = {
			isa = PBXFrameworksBuildPhase;
			buildActionMask = 2147483647;
			files = (
			);
			runOnlyForDeploymentPostprocessing = 0;
		};
		968343C12BC5A7D900CDB004 /* Frameworks */ = {
			isa = PBXFrameworksBuildPhase;
			buildActionMask = 2147483647;
			files = (
			);
			runOnlyForDeploymentPostprocessing = 0;
		};
/* End PBXFrameworksBuildPhase section */

/* Begin PBXGroup section */
		9683439B2BC5A7D700CDB004 = {
			isa = PBXGroup;
			children = (
				968343A62BC5A7D700CDB004 /* Bookreader */,
				968343BD2BC5A7D900CDB004 /* BookreaderTests */,
				968343C72BC5A7D900CDB004 /* BookreaderUITests */,
				968343A52BC5A7D700CDB004 /* Products */,
			);
			sourceTree = "<group>";
		};
		968343A52BC5A7D700CDB004 /* Products */ = {
			isa = PBXGroup;
			children = (
				968343A42BC5A7D700CDB004 /* Bookreader.app */,
				968343BA2BC5A7D900CDB004 /* BookreaderTests.xctest */,
				968343C42BC5A7D900CDB004 /* BookreaderUITests.xctest */,
			);
			name = Products;
			sourceTree = "<group>";
		};
		968343A62BC5A7D700CDB004 /* Bookreader */ = {
			isa = PBXGroup;
			children = (
				968343A72BC5A7D700CDB004 /* AppDelegate.swift */,
				968343A92BC5A7D700CDB004 /* SceneDelegate.swift */,
				968343AB2BC5A7D700CDB004 /* ViewController.swift */,
				968343AD2BC5A7D700CDB004 /* Main.storyboard */,
				968343B02BC5A7D900CDB004 /* Assets.xcassets */,
				968343B22BC5A7D900CDB004 /* LaunchScreen.storyboard */,
				968343B52BC5A7D900CDB004 /* Info.plist */,
			);
			path = Bookreader;
			sourceTree = "<group>";
		};
		968343BD2BC5A7D900CDB004 /* BookreaderTests */ = {
			isa = PBXGroup;
			children = (
				968343BE2BC5A7D900CDB004 /* BookreaderTests.swift */,
			);
			path = BookreaderTests;
			sourceTree = "<group>";
		};
		968343C72BC5A7D900CDB004 /* BookreaderUITests */ = {
			isa = PBXGroup;
			children = (
				968343C82BC5A7D900CDB004 /* BookreaderUITests.swift */,
				968343CA2BC5A7D900CDB004 /* BookreaderUITestsLaunchTests.swift */,
			);
			path = BookreaderUITests;
			sourceTree = "<group>";
		};
/* End PBXGroup section */

/* Begin PBXNativeTarget section */
		968343A32BC5A7D700CDB004 /* Bookreader */ = {
			isa = PBXNativeTarget;
			buildConfigurationList = 968343CE2BC5A7D900CDB004 /* Build configuration list for PBXNativeTarget "Bookreader" */;
			buildPhases = (
				968343A02BC5A7D700CDB004 /* Sources */,
				968343A12BC5A7D700CDB004 /* Frameworks */,
				968343A22BC5A7D700CDB004 /* Resources */,
			);
			buildRules = (
			);
			dependencies = (
			);
			name = Bookreader;
			productName = Bookreader;
			productReference = 968343A42BC5A7D700CDB004 /* Bookreader.app */;
			productType = "com.apple.product-type.application";
		};
		968343B92BC5A7D900CDB004 /* BookreaderTests */ = {
			isa = PBXNativeTarget;
			buildConfigurationList = 968343D12BC5A7D900CDB004 /* Build configuration list for PBXNativeTarget "BookreaderTests" */;
			buildPhases = (
				968343B62BC5A7D900CDB004 /* Sources */,
				968343B72BC5A7D900CDB004 /* Frameworks */,
				968343B82BC5A7D900CDB004 /* Resources */,
			);
			buildRules = (
			);
			dependencies = (
				968343BC2BC5A7D900CDB004 /* PBXTargetDependency */,
			);
			name = BookreaderTests;
			productName = BookreaderTests;
			productReference = 968343BA2BC5A7D900CDB004 /* BookreaderTests.xctest */;
			productType = "com.apple.product-type.bundle.unit-test";
		};
		968343C32BC5A7D900CDB004 /* BookreaderUITests */ = {
			isa = PBXNativeTarget;
			buildConfigurationList = 968343D42BC5A7D900CDB004 /* Build configuration list for PBXNativeTarget "BookreaderUITests" */;
			buildPhases = (
				968343C02BC5A7D900CDB004 /* Sources */,
				968343C12BC5A7D900CDB004 /* Frameworks */,
				968343C22BC5A7D900CDB004 /* Resources */,
			);
			buildRules = (
			);
			dependencies = (
				968343C62BC5A7D900CDB004 /* PBXTargetDependency */,
			);
			name = BookreaderUITests;
			productName = BookreaderUITests;
			productReference = 968343C42BC5A7D900CDB004 /* BookreaderUITests.xctest */;
			productType = "com.apple.product-type.bundle.ui-testing";
		};
/* End PBXNativeTarget section */

/* Begin PBXProject section */
		9683439C2BC5A7D700CDB004 /* Project object */ = {
			isa = PBXProject;
			attributes = {
				BuildIndependentTargetsInParallel = 1;
				KnownAssetTags = (
					1,
				);
				LastSwiftUpdateCheck = 1420;
				LastUpgradeCheck = 1420;
				TargetAttributes = {
					968343A32BC5A7D700CDB004 = {
						CreatedOnToolsVersion = 14.2;
					};
					968343B92BC5A7D900CDB004 = {
						CreatedOnToolsVersion = 14.2;
						TestTargetID = 968343A32BC5A7D700CDB004;
					};
					968343C32BC5A7D900CDB004 = {
						CreatedOnToolsVersion = 14.2;
						TestTargetID = 968343A32BC5A7D700CDB004;
					};
				};
			};
			buildConfigurationList = 9683439F2BC5A7D700CDB004 /* Build configuration list for PBXProject "Bookreader" */;
			compatibilityVersion = "Xcode 14.0";
			developmentRegion = en;
			hasScannedForEncodings = 0;
			knownRegions = (
				en,
				Base,
			);
			mainGroup = 9683439B2BC5A7D700CDB004;
			productRefGroup = 968343A52BC5A7D700CDB004 /* Products */;
			projectDirPath = "";
			projectRoot = "";
			targets = (
				968343A32BC5A7D700CDB004 /* Bookreader */,
				968343B92BC5A7D900CDB004 /* BookreaderTests */,
				968343C32BC5A7D900CDB004 /* BookreaderUITests */,
			);
		};
/* End PBXProject section */

/* Begin PBXResourcesBuildPhase section */
		968343A22BC5A7D700CDB004 /* Resources */ = {
			isa = PBXResourcesBuildPhase;
			buildActionMask = 2147483647;
			files = (
				968343B42BC5A7D900CDB004 /* LaunchScreen.storyboard in Resources */,
				968343B12BC5A7D900CDB004 /* Assets.xcassets in Resources */,
				968343AF2BC5A7D700CDB004 /* Main.storyboard in Resources */,
			);
			runOnlyForDeploymentPostprocessing = 0;
		};
		968343B82BC5A7D900CDB004 /* Resources */ = {
			isa = PBXResourcesBuildPhase;
			buildActionMask = 2147483647;
			files = (
			);
			runOnlyForDeploymentPostprocessing = 0;
		};
		968343C22BC5A7D900CDB004 /* Resources */ = {
			isa = PBXResourcesBuildPhase;
			buildActionMask = 2147483647;
			files = (
			);
			runOnlyForDeploymentPostprocessing = 0;
		};
/* End PBXResourcesBuildPhase section */

/* Begin PBXSourcesBuildPhase section */
		968343A02BC5A7D700CDB004 /* Sources */ = {
			isa = PBXSourcesBuildPhase;
			buildActionMask = 2147483647;
			files = (
				968343AC2BC5A7D700CDB004 /* ViewController.swift in Sources */,
				968343A82BC5A7D700CDB004 /* AppDelegate.swift in Sources */,
				968343AA2BC5A7D700CDB004 /* SceneDelegate.swift in Sources */,
			);
			runOnlyForDeploymentPostprocessing = 0;
		};
		968343B62BC5A7D900CDB004 /* Sources */ = {
			isa = PBXSourcesBuildPhase;
			buildActionMask = 2147483647;
			files = (
				968343BF2BC5A7D900CDB004 /* BookreaderTests.swift in Sources */,
			);
			runOnlyForDeploymentPostprocessing = 0;
		};
		968343C02BC5A7D900CDB004 /* Sources */ = {
			isa = PBXSourcesBuildPhase;
			buildActionMask = 2147483647;
			files = (
				968343CB2BC5A7D900CDB004 /* BookreaderUITestsLaunchTests.swift in Sources */,
				968343C92BC5A7D900CDB004 /* BookreaderUITests.swift in Sources */,
			);
			runOnlyForDeploymentPostprocessing = 0;
		};
/* End PBXSourcesBuildPhase section */

/* Begin PBXTargetDependency section */
		968343BC2BC5A7D900CDB004 /* PBXTargetDependency */ = {
			isa = PBXTargetDependency;
			target = 968343A32BC5A7D700CDB004 /* Bookreader */;
			targetProxy = 968343BB2BC5A7D900CDB004 /* PBXContainerItemProxy */;
		};
		968343C62BC5A7D900CDB004 /* PBXTargetDependency */ = {
			isa = PBXTargetDependency;
			target = 968343A32BC5A7D700CDB004 /* Bookreader */;
			targetProxy = 968343C52BC5A7D900CDB004 /* PBXContainerItemProxy */;
		};
/* End PBXTargetDependency section */

/* Begin PBXVariantGroup section */
		968343AD2BC5A7D700CDB004 /* Main.storyboard */ = {
			isa = PBXVariantGroup;
			children = (
				968343AE2BC5A7D700CDB004 /* Base */,
			);
			name = Main.storyboard;
			sourceTree = "<group>";
		};
		968343B22BC5A7D900CDB004 /* LaunchScreen.storyboard */ = {
			isa = PBXVariantGroup;
			children = (
				968343B32BC5A7D900CDB004 /* Base */,
			);
			name = LaunchScreen.storyboard;
			sourceTree = "<group>";
		};
/* End PBXVariantGroup section */

/* Begin XCBuildConfiguration section */
		968343CC2BC5A7D900CDB004 /* Debug */ = {
			isa = XCBuildConfiguration;
			buildSettings = {
				ALWAYS_SEARCH_USER_PATHS = NO;
				CLANG_ANALYZER_NONNULL = YES;
				CLANG_ANALYZER_NUMBER_OBJECT_CONVERSION = YES_AGGRESSIVE;
				CLANG_CXX_LANGUAGE_STANDARD = "gnu++20";
				CLANG_ENABLE_MODULES = YES;
				CLANG_ENABLE_OBJC_ARC = YES;
				CLANG_ENABLE_OBJC_WEAK = YES;
				CLANG_WARN_BLOCK_CAPTURE_AUTORELEASING = YES;
				CLANG_WARN_BOOL_CONVERSION = YES;
				CLANG_WARN_COMMA = YES;
				CLANG_WARN_CONSTANT_CONVERSION = YES;
				CLANG_WARN_DEPRECATED_OBJC_IMPLEMENTATIONS = YES;
				CLANG_WARN_DIRECT_OBJC_ISA_USAGE = YES_ERROR;
				CLANG_WARN_DOCUMENTATION_COMMENTS = YES;
				CLANG_WARN_EMPTY_BODY = YES;
				CLANG_WARN_ENUM_CONVERSION = YES;
				CLANG_WARN_INFINITE_RECURSION = YES;
				CLANG_WARN_INT_CONVERSION = YES;
				CLANG_WARN_NON_LITERAL_NULL_CONVERSION = YES;
				CLANG_WARN_OBJC_IMPLICIT_RETAIN_SELF = YES;
				CLANG_WARN_OBJC_LITERAL_CONVERSION = YES;
				CLANG_WARN_OBJC_ROOT_CLASS = YES_ERROR;
				CLANG_WARN_QUOTED_INCLUDE_IN_FRAMEWORK_HEADER = YES;
				CLANG_WARN_RANGE_LOOP_ANALYSIS = YES;
				CLANG_WARN_STRICT_PROTOTYPES = YES;
				CLANG_WARN_SUSPICIOUS_MOVE = YES;
				CLANG_WARN_UNGUARDED_AVAILABILITY = YES_AGGRESSIVE;
				CLANG_WARN_UNREACHABLE_CODE = YES;
				CLANG_WARN__DUPLICATE_METHOD_MATCH = YES;
				COPY_PHASE_STRIP = NO;
				DEBUG_INFORMATION_FORMAT = dwarf;
				ENABLE_STRICT_OBJC_MSGSEND = YES;
				ENABLE_TESTABILITY = YES;
				GCC_C_LANGUAGE_STANDARD = gnu11;
				GCC_DYNAMIC_NO_PIC = NO;
				GCC_NO_COMMON_BLOCKS = YES;
				GCC_OPTIMIZATION_LEVEL = 0;
				GCC_PREPROCESSOR_DEFINITIONS = (
					"DEBUG=1",
					"$(inherited)",
				);
				GCC_WARN_64_TO_32_BIT_CONVERSION = YES;
				GCC_WARN_ABOUT_RETURN_TYPE = YES_ERROR;
				GCC_WARN_UNDECLARED_SELECTOR = YES;
				GCC_WARN_UNINITIALIZED_AUTOS = YES_AGGRESSIVE;
				GCC_WARN_UNUSED_FUNCTION = YES;
				GCC_WARN_UNUSED_VARIABLE = YES;
				IPHONEOS_DEPLOYMENT_TARGET = 16.2;
				MTL_ENABLE_DEBUG_INFO = INCLUDE_SOURCE;
				MTL_FAST_MATH = YES;
				ONLY_ACTIVE_ARCH = YES;
				SDKROOT = iphoneos;
				SWIFT_ACTIVE_COMPILATION_CONDITIONS = DEBUG;
				SWIFT_OPTIMIZATION_LEVEL = "-Onone";
			};
			name = Debug;
		};
		968343CD2BC5A7D900CDB004 /* Release */ = {
			isa = XCBuildConfiguration;
			buildSettings = {
				ALWAYS_SEARCH_USER_PATHS = NO;
				CLANG_ANALYZER_NONNULL = YES;
				CLANG_ANALYZER_NUMBER_OBJECT_CONVERSION = YES_AGGRESSIVE;
				CLANG_CXX_LANGUAGE_STANDARD = "gnu++20";
				CLANG_ENABLE_MODULES = YES;
				CLANG_ENABLE_OBJC_ARC = YES;
				CLANG_ENABLE_OBJC_WEAK = YES;
				CLANG_WARN_BLOCK_CAPTURE_AUTORELEASING = YES;
				CLANG_WARN_BOOL_CONVERSION = YES;
				CLANG_WARN_COMMA = YES;
				CLANG_WARN_CONSTANT_CONVERSION = YES;
				CLANG_WARN_DEPRECATED_OBJC_IMPLEMENTATIONS = YES;
				CLANG_WARN_DIRECT_OBJC_ISA_USAGE = YES_ERROR;
				CLANG_WARN_DOCUMENTATION_COMMENTS = YES;
				CLANG_WARN_EMPTY_BODY = YES;
				CLANG_WARN_ENUM_CONVERSION = YES;
				CLANG_WARN_INFINITE_RECURSION = YES;
				CLANG_WARN_INT_CONVERSION = YES;
				CLANG_WARN_NON_LITERAL_NULL_CONVERSION = YES;
				CLANG_WARN_OBJC_IMPLICIT_RETAIN_SELF = YES;
				CLANG_WARN_OBJC_LITERAL_CONVERSION = YES;
				CLANG_WARN_OBJC_ROOT_CLASS = YES_ERROR;
				CLANG_WARN_QUOTED_INCLUDE_IN_FRAMEWORK_HEADER = YES;
				CLANG_WARN_RANGE_LOOP_ANALYSIS = YES;
				CLANG_WARN_STRICT_PROTOTYPES = YES;
				CLANG_WARN_SUSPICIOUS_MOVE = YES;
				CLANG_WARN_UNGUARDED_AVAILABILITY = YES_AGGRESSIVE;
				CLANG_WARN_UNREACHABLE_CODE = YES;
				CLANG_WARN__DUPLICATE_METHOD_MATCH = YES;
				COPY_PHASE_STRIP = NO;
				DEBUG_INFORMATION_FORMAT = "dwarf-with-dsym";
				ENABLE_NS_ASSERTIONS = NO;
				ENABLE_STRICT_OBJC_MSGSEND = YES;
				GCC_C_LANGUAGE_STANDARD = gnu11;
				GCC_NO_COMMON_BLOCKS = YES;
				GCC_WARN_64_TO_32_BIT_CONVERSION = YES;
				GCC_WARN_ABOUT_RETURN_TYPE = YES_ERROR;
				GCC_WARN_UNDECLARED_SELECTOR = YES;
				GCC_WARN_UNINITIALIZED_AUTOS = YES_AGGRESSIVE;
				GCC_WARN_UNUSED_FUNCTION = YES;
				GCC_WARN_UNUSED_VARIABLE = YES;
				IPHONEOS_DEPLOYMENT_TARGET = 16.2;
				MTL_ENABLE_DEBUG_INFO = NO;
				MTL_FAST_MATH = YES;
				SDKROOT = iphoneos;
				SWIFT_COMPILATION_MODE = wholemodule;
				SWIFT_OPTIMIZATION_LEVEL = "-O";
				VALIDATE_PRODUCT = YES;
			};
			name = Release;
		};
		968343CF2BC5A7D900CDB004 /* Debug */ = {
			isa = XCBuildConfiguration;
			buildSettings = {
				ASSETCATALOG_COMPILER_APPICON_NAME = AppIcon;
				ASSETCATALOG_COMPILER_GLOBAL_ACCENT_COLOR_NAME = AccentColor;
				CODE_SIGN_STYLE = Automatic;
				CURRENT_PROJECT_VERSION = 1;
				DEVELOPMENT_TEAM = DFMUV352UL;
				GENERATE_INFOPLIST_FILE = YES;
				INFOPLIST_FILE = Bookreader/Info.plist;
				INFOPLIST_KEY_UIApplicationSupportsIndirectInputEvents = YES;
				INFOPLIST_KEY_UILaunchStoryboardName = LaunchScreen;
				INFOPLIST_KEY_UIMainStoryboardFile = Main;
				INFOPLIST_KEY_UISupportedInterfaceOrientations_iPad = "UIInterfaceOrientationPortrait UIInterfaceOrientationPortraitUpsideDown UIInterfaceOrientationLandscapeLeft UIInterfaceOrientationLandscapeRight";
				INFOPLIST_KEY_UISupportedInterfaceOrientations_iPhone = "UIInterfaceOrientationPortrait UIInterfaceOrientationLandscapeLeft UIInterfaceOrientationLandscapeRight";
				LD_RUNPATH_SEARCH_PATHS = (
					"$(inherited)",
					"@executable_path/Frameworks",
				);
				MARKETING_VERSION = 1.0;
				PRODUCT_BUNDLE_IDENTIFIER = com.rostropovitcheditions.Bookreader;
				PRODUCT_NAME = "$(TARGET_NAME)";
				SWIFT_EMIT_LOC_STRINGS = YES;
				SWIFT_VERSION = 5.0;
				TARGETED_DEVICE_FAMILY = "1,2";
			};
			name = Debug;
		};
		968343D02BC5A7D900CDB004 /* Release */ = {
			isa = XCBuildConfiguration;
			buildSettings = {
				ASSETCATALOG_COMPILER_APPICON_NAME = AppIcon;
				ASSETCATALOG_COMPILER_GLOBAL_ACCENT_COLOR_NAME = AccentColor;
				CODE_SIGN_STYLE = Automatic;
				CURRENT_PROJECT_VERSION = 1;
				DEVELOPMENT_TEAM = DFMUV352UL;
				GENERATE_INFOPLIST_FILE = YES;
				INFOPLIST_FILE = Bookreader/Info.plist;
				INFOPLIST_KEY_UIApplicationSupportsIndirectInputEvents = YES;
				INFOPLIST_KEY_UILaunchStoryboardName = LaunchScreen;
				INFOPLIST_KEY_UIMainStoryboardFile = Main;
				INFOPLIST_KEY_UISupportedInterfaceOrientations_iPad = "UIInterfaceOrientationPortrait UIInterfaceOrientationPortraitUpsideDown UIInterfaceOrientationLandscapeLeft UIInterfaceOrientationLandscapeRight";
				INFOPLIST_KEY_UISupportedInterfaceOrientations_iPhone = "UIInterfaceOrientationPortrait UIInterfaceOrientationLandscapeLeft UIInterfaceOrientationLandscapeRight";
				LD_RUNPATH_SEARCH_PATHS = (
					"$(inherited)",
					"@executable_path/Frameworks",
				);
				MARKETING_VERSION = 1.0;
				PRODUCT_BUNDLE_IDENTIFIER = com.rostropovitcheditions.Bookreader;
				PRODUCT_NAME = "$(TARGET_NAME)";
				SWIFT_EMIT_LOC_STRINGS = YES;
				SWIFT_VERSION = 5.0;
				TARGETED_DEVICE_FAMILY = "1,2";
			};
			name = Release;
		};
		968343D22BC5A7D900CDB004 /* Debug */ = {
			isa = XCBuildConfiguration;
			buildSettings = {
				ALWAYS_EMBED_SWIFT_STANDARD_LIBRARIES = YES;
				BUNDLE_LOADER = "$(TEST_HOST)";
				CODE_SIGN_STYLE = Automatic;
				CURRENT_PROJECT_VERSION = 1;
				DEVELOPMENT_TEAM = DFMUV352UL;
				GENERATE_INFOPLIST_FILE = YES;
				IPHONEOS_DEPLOYMENT_TARGET = 16.2;
				MARKETING_VERSION = 1.0;
				PRODUCT_BUNDLE_IDENTIFIER = com.rostropovitcheditions.BookreaderTests;
				PRODUCT_NAME = "$(TARGET_NAME)";
				SWIFT_EMIT_LOC_STRINGS = NO;
				SWIFT_VERSION = 5.0;
				TARGETED_DEVICE_FAMILY = "1,2";
				TEST_HOST = "$(BUILT_PRODUCTS_DIR)/Bookreader.app/$(BUNDLE_EXECUTABLE_FOLDER_PATH)/Bookreader";
			};
			name = Debug;
		};
		968343D32BC5A7D900CDB004 /* Release */ = {
			isa = XCBuildConfiguration;
			buildSettings = {
				ALWAYS_EMBED_SWIFT_STANDARD_LIBRARIES = YES;
				BUNDLE_LOADER = "$(TEST_HOST)";
				CODE_SIGN_STYLE = Automatic;
				CURRENT_PROJECT_VERSION = 1;
				DEVELOPMENT_TEAM = DFMUV352UL;
				GENERATE_INFOPLIST_FILE = YES;
				IPHONEOS_DEPLOYMENT_TARGET = 16.2;
				MARKETING_VERSION = 1.0;
				PRODUCT_BUNDLE_IDENTIFIER = com.rostropovitcheditions.BookreaderTests;
				PRODUCT_NAME = "$(TARGET_NAME)";
				SWIFT_EMIT_LOC_STRINGS = NO;
				SWIFT_VERSION = 5.0;
				TARGETED_DEVICE_FAMILY = "1,2";
				TEST_HOST = "$(BUILT_PRODUCTS_DIR)/Bookreader.app/$(BUNDLE_EXECUTABLE_FOLDER_PATH)/Bookreader";
			};
			name = Release;
		};
		968343D52BC5A7D900CDB004 /* Debug */ = {
			isa = XCBuildConfiguration;
			buildSettings = {
				ALWAYS_EMBED_SWIFT_STANDARD_LIBRARIES = YES;
				CODE_SIGN_STYLE = Automatic;
				CURRENT_PROJECT_VERSION = 1;
				DEVELOPMENT_TEAM = DFMUV352UL;
				GENERATE_INFOPLIST_FILE = YES;
				MARKETING_VERSION = 1.0;
				PRODUCT_BUNDLE_IDENTIFIER = com.rostropovitcheditions.BookreaderUITests;
				PRODUCT_NAME = "$(TARGET_NAME)";
				SWIFT_EMIT_LOC_STRINGS = NO;
				SWIFT_VERSION = 5.0;
				TARGETED_DEVICE_FAMILY = "1,2";
				TEST_TARGET_NAME = Bookreader;
			};
			name = Debug;
		};
		968343D62BC5A7D900CDB004 /* Release */ = {
			isa = XCBuildConfiguration;
			buildSettings = {
				ALWAYS_EMBED_SWIFT_STANDARD_LIBRARIES = YES;
				CODE_SIGN_STYLE = Automatic;
				CURRENT_PROJECT_VERSION = 1;
				DEVELOPMENT_TEAM = DFMUV352UL;
				GENERATE_INFOPLIST_FILE = YES;
				MARKETING_VERSION = 1.0;
				PRODUCT_BUNDLE_IDENTIFIER = com.rostropovitcheditions.BookreaderUITests;
				PRODUCT_NAME = "$(TARGET_NAME)";
				SWIFT_EMIT_LOC_STRINGS = NO;
				SWIFT_VERSION = 5.0;
				TARGETED_DEVICE_FAMILY = "1,2";
				TEST_TARGET_NAME = Bookreader;
			};
			name = Release;
		};
/* End XCBuildConfiguration section */

/* Begin XCConfigurationList section */
		9683439F2BC5A7D700CDB004 /* Build configuration list for PBXProject "Bookreader" */ = {
			isa = XCConfigurationList;
			buildConfigurations = (
				968343CC2BC5A7D900CDB004 /* Debug */,
				968343CD2BC5A7D900CDB004 /* Release */,
			);
			defaultConfigurationIsVisible = 0;
			defaultConfigurationName = Release;
		};
		968343CE2BC5A7D900CDB004 /* Build configuration list for PBXNativeTarget "Bookreader" */ = {
			isa = XCConfigurationList;
			buildConfigurations = (
				968343CF2BC5A7D900CDB004 /* Debug */,
				968343D02BC5A7D900CDB004 /* Release */,
			);
			defaultConfigurationIsVisible = 0;
			defaultConfigurationName = Release;
		};
		968343D12BC5A7D900CDB004 /* Build configuration list for PBXNativeTarget "BookreaderTests" */ = {
			isa = XCConfigurationList;
			buildConfigurations = (
				968343D22BC5A7D900CDB004 /* Debug */,
				968343D32BC5A7D900CDB004 /* Release */,
			);
			defaultConfigurationIsVisible = 0;
			defaultConfigurationName = Release;
		};
		968343D42BC5A7D900CDB004 /* Build configuration list for PBXNativeTarget "BookreaderUITests" */ = {
			isa = XCConfigurationList;
			buildConfigurations = (
				968343D52BC5A7D900CDB004 /* Debug */,
				968343D62BC5A7D900CDB004 /* Release */,
			);
			defaultConfigurationIsVisible = 0;
			defaultConfigurationName = Release;
		};
/* End XCConfigurationList section */
	};
	rootObject = 9683439C2BC5A7D700CDB004 /* Project object */;
}
